
Microsoft Visual Studio Solution File, Format Version 12.00
# Visual Studio Version 17
VisualStudioVersion = 17.0.32014.148
MinimumVisualStudioVersion = 10.0.40219.1
Project("{FAE04EC0-301F-11D3-BF4B-00C04F79EFBC}") = "Client", "Client\Client.csproj", "{96CA9837-F7B2-4835-BCF9-40D8C8D4981E}"
EndProject
Project("{FAE04EC0-301F-11D3-BF4B-00C04F79EFBC}") = "Server", "Server\Server.csproj", "{96AB70CE-1B6A-4511-BDD3-3AADD4DAD15A}"
EndProject
Project("{FAE04EC0-301F-11D3-BF4B-00C04F79EFBC}") = "DataTool", "DataTool\DataTool.csproj", "{19E16E43-4816-45DA-9B04-2F218A66A954}"
EndProject
Project("{2150E333-8FDC-42A3-9474-1A3956D46DE8}") = "Clients", "Clients", "{E8BAA536-9166-43C0-BD17-59585DD1818E}"
EndProject
Project("{2150E333-8FDC-42A3-9474-1A3956D46DE8}") = "Servers", "Servers", "{BECB7554-8572-405B-86A6-6545DFB54D36}"
EndProject
Project("{9A19103F-16F7-4668-BE54-9A1E7A4F7556}") = "ServerLibrary", "ServerLibrary\ServerLibrary.csproj", "{B2D81868-678F-4933-B308-091EDFC91217}"
EndProject
Project("{FAE04EC0-301F-11D3-BF4B-00C04F79EFBC}") = "145Client", "145Client\145Client.csproj", "{19BED4ED-715D-454C-B6B4-81F7332275C6}"
EndProject
Project("{FAE04EC0-301F-11D3-BF4B-00C04F79EFBC}") = "ServerTool", "ServerTool\ServerTool.csproj", "{522B034E-F593-4C68-9F09-E9868DD5E265}"
EndProject
Project("{D954291E-2A0B-460D-934E-DC6B0785DB48}") = "Library", "Library\Library.shproj", "{5461EC8E-6976-45EE-A53B-EC5511A5AD5C}"
EndProject
Project("{2150E333-8FDC-42A3-9474-1A3956D46DE8}") = "Tools", "Tools", "{03DFF94A-578D-4787-8E90-C3CB7BA6700E}"
EndProject
Project("{FAE04EC0-301F-11D3-BF4B-00C04F79EFBC}") = "CustomFormControl", "LibraryEditor\CustomFormControl\CustomFormControl.csproj", "{22D64468-4312-4558-B25D-99BFF85CAA96}"
EndProject
Project("{FAE04EC0-301F-11D3-BF4B-00C04F79EFBC}") = "LibraryEditor", "LibraryEditor\LibraryEditor.csproj", "{A779B96A-AE74-47E7-B0CA-A02B26C1F61E}"
EndProject
Global
	GlobalSection(SolutionConfigurationPlatforms) = preSolution
		Debug|Any CPU = Debug|Any CPU
		Debug|x64 = Debug|x64
		Debug|x86 = Debug|x86
		Release|Any CPU = Release|Any CPU
		Release|x64 = Release|x64
		Release|x86 = Release|x86
	EndGlobalSection
	GlobalSection(ProjectConfigurationPlatforms) = postSolution
		{96CA9837-F7B2-4835-BCF9-40D8C8D4981E}.Debug|Any CPU.ActiveCfg = Debug|Any CPU
		{96CA9837-F7B2-4835-BCF9-40D8C8D4981E}.Debug|Any CPU.Build.0 = Debug|Any CPU
		{96CA9837-F7B2-4835-BCF9-40D8C8D4981E}.Debug|Any CPU.Deploy.0 = Debug|Any CPU
		{96CA9837-F7B2-4835-BCF9-40D8C8D4981E}.Debug|x64.ActiveCfg = Debug|Any CPU
		{96CA9837-F7B2-4835-BCF9-40D8C8D4981E}.Debug|x64.Build.0 = Debug|Any CPU
		{96CA9837-F7B2-4835-BCF9-40D8C8D4981E}.Debug|x86.ActiveCfg = Debug|Any CPU
		{96CA9837-F7B2-4835-BCF9-40D8C8D4981E}.Debug|x86.Build.0 = Debug|Any CPU
		{96CA9837-F7B2-4835-BCF9-40D8C8D4981E}.Release|Any CPU.ActiveCfg = Release|Any CPU
		{96CA9837-F7B2-4835-BCF9-40D8C8D4981E}.Release|Any CPU.Build.0 = Release|Any CPU
		{96CA9837-F7B2-4835-BCF9-40D8C8D4981E}.Release|x64.ActiveCfg = Release|Any CPU
		{96CA9837-F7B2-4835-BCF9-40D8C8D4981E}.Release|x64.Build.0 = Release|Any CPU
		{96CA9837-F7B2-4835-BCF9-40D8C8D4981E}.Release|x86.ActiveCfg = Release|Any CPU
		{96CA9837-F7B2-4835-BCF9-40D8C8D4981E}.Release|x86.Build.0 = Release|Any CPU
		{96AB70CE-1B6A-4511-BDD3-3AADD4DAD15A}.Debug|Any CPU.ActiveCfg = Debug|Any CPU
		{96AB70CE-1B6A-4511-BDD3-3AADD4DAD15A}.Debug|Any CPU.Build.0 = Debug|Any CPU
		{96AB70CE-1B6A-4511-BDD3-3AADD4DAD15A}.Debug|x64.ActiveCfg = Debug|Any CPU
		{96AB70CE-1B6A-4511-BDD3-3AADD4DAD15A}.Debug|x64.Build.0 = Debug|Any CPU
		{96AB70CE-1B6A-4511-BDD3-3AADD4DAD15A}.Debug|x86.ActiveCfg = Debug|Any CPU
		{96AB70CE-1B6A-4511-BDD3-3AADD4DAD15A}.Debug|x86.Build.0 = Debug|Any CPU
		{96AB70CE-1B6A-4511-BDD3-3AADD4DAD15A}.Release|Any CPU.ActiveCfg = Release|Any CPU
		{96AB70CE-1B6A-4511-BDD3-3AADD4DAD15A}.Release|Any CPU.Build.0 = Release|Any CPU
		{96AB70CE-1B6A-4511-BDD3-3AADD4DAD15A}.Release|x64.ActiveCfg = Release|Any CPU
		{96AB70CE-1B6A-4511-BDD3-3AADD4DAD15A}.Release|x64.Build.0 = Release|Any CPU
		{96AB70CE-1B6A-4511-BDD3-3AADD4DAD15A}.Release|x86.ActiveCfg = Release|Any CPU
		{96AB70CE-1B6A-4511-BDD3-3AADD4DAD15A}.Release|x86.Build.0 = Release|Any CPU
		{19E16E43-4816-45DA-9B04-2F218A66A954}.Debug|Any CPU.ActiveCfg = Debug|Any CPU
		{19E16E43-4816-45DA-9B04-2F218A66A954}.Debug|Any CPU.Build.0 = Debug|Any CPU
		{19E16E43-4816-45DA-9B04-2F218A66A954}.Debug|x64.ActiveCfg = Debug|Any CPU
		{19E16E43-4816-45DA-9B04-2F218A66A954}.Debug|x64.Build.0 = Debug|Any CPU
		{19E16E43-4816-45DA-9B04-2F218A66A954}.Debug|x86.ActiveCfg = Debug|Any CPU
		{19E16E43-4816-45DA-9B04-2F218A66A954}.Debug|x86.Build.0 = Debug|Any CPU
		{19E16E43-4816-45DA-9B04-2F218A66A954}.Release|Any CPU.ActiveCfg = Release|Any CPU
		{19E16E43-4816-45DA-9B04-2F218A66A954}.Release|Any CPU.Build.0 = Release|Any CPU
		{19E16E43-4816-45DA-9B04-2F218A66A954}.Release|x64.ActiveCfg = Release|Any CPU
		{19E16E43-4816-45DA-9B04-2F218A66A954}.Release|x64.Build.0 = Release|Any CPU
		{19E16E43-4816-45DA-9B04-2F218A66A954}.Release|x86.ActiveCfg = Release|Any CPU
		{19E16E43-4816-45DA-9B04-2F218A66A954}.Release|x86.Build.0 = Release|Any CPU
		{B2D81868-678F-4933-B308-091EDFC91217}.Debug|Any CPU.ActiveCfg = Debug|Any CPU
		{B2D81868-678F-4933-B308-091EDFC91217}.Debug|Any CPU.Build.0 = Debug|Any CPU
		{B2D81868-678F-4933-B308-091EDFC91217}.Debug|x64.ActiveCfg = Debug|Any CPU
		{B2D81868-678F-4933-B308-091EDFC91217}.Debug|x64.Build.0 = Debug|Any CPU
		{B2D81868-678F-4933-B308-091EDFC91217}.Debug|x86.ActiveCfg = Debug|Any CPU
		{B2D81868-678F-4933-B308-091EDFC91217}.Debug|x86.Build.0 = Debug|Any CPU
		{B2D81868-678F-4933-B308-091EDFC91217}.Release|Any CPU.ActiveCfg = Release|Any CPU
		{B2D81868-678F-4933-B308-091EDFC91217}.Release|Any CPU.Build.0 = Release|Any CPU
		{B2D81868-678F-4933-B308-091EDFC91217}.Release|x64.ActiveCfg = Release|Any CPU
		{B2D81868-678F-4933-B308-091EDFC91217}.Release|x64.Build.0 = Release|Any CPU
		{B2D81868-678F-4933-B308-091EDFC91217}.Release|x86.ActiveCfg = Release|Any CPU
		{B2D81868-678F-4933-B308-091EDFC91217}.Release|x86.Build.0 = Release|Any CPU
		{19BED4ED-715D-454C-B6B4-81F7332275C6}.Debug|Any CPU.ActiveCfg = Debug|Any CPU
		{19BED4ED-715D-454C-B6B4-81F7332275C6}.Debug|Any CPU.Build.0 = Debug|Any CPU
		{19BED4ED-715D-454C-B6B4-81F7332275C6}.Debug|x64.ActiveCfg = Debug|Any CPU
		{19BED4ED-715D-454C-B6B4-81F7332275C6}.Debug|x64.Build.0 = Debug|Any CPU
		{19BED4ED-715D-454C-B6B4-81F7332275C6}.Debug|x86.ActiveCfg = Debug|Any CPU
		{19BED4ED-715D-454C-B6B4-81F7332275C6}.Debug|x86.Build.0 = Debug|Any CPU
		{19BED4ED-715D-454C-B6B4-81F7332275C6}.Release|Any CPU.ActiveCfg = Release|Any CPU
		{19BED4ED-715D-454C-B6B4-81F7332275C6}.Release|Any CPU.Build.0 = Release|Any CPU
		{19BED4ED-715D-454C-B6B4-81F7332275C6}.Release|x64.ActiveCfg = Release|Any CPU
		{19BED4ED-715D-454C-B6B4-81F7332275C6}.Release|x64.Build.0 = Release|Any CPU
		{19BED4ED-715D-454C-B6B4-81F7332275C6}.Release|x86.ActiveCfg = Release|Any CPU
		{19BED4ED-715D-454C-B6B4-81F7332275C6}.Release|x86.Build.0 = Release|Any CPU
		{522B034E-F593-4C68-9F09-E9868DD5E265}.Debug|Any CPU.ActiveCfg = Debug|Any CPU
		{522B034E-F593-4C68-9F09-E9868DD5E265}.Debug|Any CPU.Build.0 = Debug|Any CPU
		{522B034E-F593-4C68-9F09-E9868DD5E265}.Debug|x64.ActiveCfg = Debug|Any CPU
		{522B034E-F593-4C68-9F09-E9868DD5E265}.Debug|x64.Build.0 = Debug|Any CPU
		{522B034E-F593-4C68-9F09-E9868DD5E265}.Debug|x86.ActiveCfg = Debug|Any CPU
		{522B034E-F593-4C68-9F09-E9868DD5E265}.Debug|x86.Build.0 = Debug|Any CPU
		{522B034E-F593-4C68-9F09-E9868DD5E265}.Release|Any CPU.ActiveCfg = Release|Any CPU
		{522B034E-F593-4C68-9F09-E9868DD5E265}.Release|Any CPU.Build.0 = Release|Any CPU
		{522B034E-F593-4C68-9F09-E9868DD5E265}.Release|x64.ActiveCfg = Release|Any CPU
		{522B034E-F593-4C68-9F09-E9868DD5E265}.Release|x64.Build.0 = Release|Any CPU
		{522B034E-F593-4C68-9F09-E9868DD5E265}.Release|x86.ActiveCfg = Release|Any CPU
		{522B034E-F593-4C68-9F09-E9868DD5E265}.Release|x86.Build.0 = Release|Any CPU
		{22D64468-4312-4558-B25D-99BFF85CAA96}.Debug|Any CPU.ActiveCfg = Debug|Any CPU
		{22D64468-4312-4558-B25D-99BFF85CAA96}.Debug|Any CPU.Build.0 = Debug|Any CPU
		{22D64468-4312-4558-B25D-99BFF85CAA96}.Debug|x64.ActiveCfg = Debug|Any CPU
		{22D64468-4312-4558-B25D-99BFF85CAA96}.Debug|x64.Build.0 = Debug|Any CPU
		{22D64468-4312-4558-B25D-99BFF85CAA96}.Debug|x86.ActiveCfg = Debug|Any CPU
		{22D64468-4312-4558-B25D-99BFF85CAA96}.Debug|x86.Build.0 = Debug|Any CPU
		{22D64468-4312-4558-B25D-99BFF85CAA96}.Release|Any CPU.ActiveCfg = Release|Any CPU
		{22D64468-4312-4558-B25D-99BFF85CAA96}.Release|Any CPU.Build.0 = Release|Any CPU
		{22D64468-4312-4558-B25D-99BFF85CAA96}.Release|x64.ActiveCfg = Release|Any CPU
		{22D64468-4312-4558-B25D-99BFF85CAA96}.Release|x64.Build.0 = Release|Any CPU
		{22D64468-4312-4558-B25D-99BFF85CAA96}.Release|x86.ActiveCfg = Release|Any CPU
		{22D64468-4312-4558-B25D-99BFF85CAA96}.Release|x86.Build.0 = Release|Any CPU
		{A779B96A-AE74-47E7-B0CA-A02B26C1F61E}.Debug|Any CPU.ActiveCfg = Debug|x64
		{A779B96A-AE74-47E7-B0CA-A02B26C1F61E}.Debug|Any CPU.Build.0 = Debug|x64
		{A779B96A-AE74-47E7-B0CA-A02B26C1F61E}.Debug|x64.ActiveCfg = Debug|x64
		{A779B96A-AE74-47E7-B0CA-A02B26C1F61E}.Debug|x64.Build.0 = Debug|x64
		{A779B96A-AE74-47E7-B0CA-A02B26C1F61E}.Debug|x86.ActiveCfg = Debug|x86
		{A779B96A-AE74-47E7-B0CA-A02B26C1F61E}.Debug|x86.Build.0 = Debug|x86
		{A779B96A-AE74-47E7-B0CA-A02B26C1F61E}.Release|Any CPU.ActiveCfg = Release|x64
		{A779B96A-AE74-47E7-B0CA-A02B26C1F61E}.Release|Any CPU.Build.0 = Release|x64
		{A779B96A-AE74-47E7-B0CA-A02B26C1F61E}.Release|x64.ActiveCfg = Release|x64
		{A779B96A-AE74-47E7-B0CA-A02B26C1F61E}.Release|x64.Build.0 = Release|x64
		{A779B96A-AE74-47E7-B0CA-A02B26C1F61E}.Release|x86.ActiveCfg = Release|x86
		{A779B96A-AE74-47E7-B0CA-A02B26C1F61E}.Release|x86.Build.0 = Release|x86
	EndGlobalSection
	GlobalSection(SolutionProperties) = preSolution
		HideSolutionNode = FALSE
	EndGlobalSection
	GlobalSection(NestedProjects) = preSolution
		{96CA9837-F7B2-4835-BCF9-40D8C8D4981E} = {E8BAA536-9166-43C0-BD17-59585DD1818E}
		{96AB70CE-1B6A-4511-BDD3-3AADD4DAD15A} = {BECB7554-8572-405B-86A6-6545DFB54D36}
		{19E16E43-4816-45DA-9B04-2F218A66A954} = {BECB7554-8572-405B-86A6-6545DFB54D36}
		{19BED4ED-715D-454C-B6B4-81F7332275C6} = {E8BAA536-9166-43C0-BD17-59585DD1818E}
		{522B034E-F593-4C68-9F09-E9868DD5E265} = {BECB7554-8572-405B-86A6-6545DFB54D36}
		{22D64468-4312-4558-B25D-99BFF85CAA96} = {03DFF94A-578D-4787-8E90-C3CB7BA6700E}
		{A779B96A-AE74-47E7-B0CA-A02B26C1F61E} = {03DFF94A-578D-4787-8E90-C3CB7BA6700E}
	EndGlobalSection
	GlobalSection(ExtensibilityGlobals) = postSolution
		SolutionGuid = {0A1E6870-A7CB-4165-960E-81486A3F1A0D}
	EndGlobalSection
	GlobalSection(SharedMSBuildProjectFiles) = preSolution
		Library\Library.projitems*{19bed4ed-715d-454c-b6b4-81f7332275c6}*SharedItemsImports = 4
		Library\Library.projitems*{19e16e43-4816-45da-9b04-2f218a66a954}*SharedItemsImports = 4
		Library\Library.projitems*{522b034e-f593-4c68-9f09-e9868dd5e265}*SharedItemsImports = 4
		Library\Library.projitems*{5461ec8e-6976-45ee-a53b-ec5511a5ad5c}*SharedItemsImports = 13
		Library\Library.projitems*{96ca9837-f7b2-4835-bcf9-40d8c8d4981e}*SharedItemsImports = 4
		Library\Library.projitems*{b2d81868-678f-4933-b308-091edfc91217}*SharedItemsImports = 5
	EndGlobalSection
EndGlobal
